
Microsoft Visual Studio Solution File, Format Version 12.00
# Visual Studio Version 17
VisualStudioVersion = 17.0.31903.59
MinimumVisualStudioVersion = 10.0.40219.1
Project("{FAE04EC0-301F-11D3-BF4B-00C04F79EFBC}") = "Gym-Management-System-MVC", "Gym-Management-System-MVC\Gym-Management-System-MVC.csproj", "{9C35FA54-8F6B-4905-8F08-5B148C6054EB}"
EndProject
Global
	GlobalSection(SolutionConfigurationPlatforms) = preSolution
		Debug|Any CPU = Debug|Any CPU
		Release|Any CPU = Release|Any CPU
	EndGlobalSection
	GlobalSection(ProjectConfigurationPlatforms) = postSolution
		{9C35FA54-8F6B-4905-8F08-5B148C6054EB}.Debug|Any CPU.ActiveCfg = Debug|Any CPU
		{9C35FA54-8F6B-4905-8F08-5B148C6054EB}.Debug|Any CPU.Build.0 = Debug|Any CPU
		{9C35FA54-8F6B-4905-8F08-5B148C6054EB}.Release|Any CPU.ActiveCfg = Release|Any CPU
		{9C35FA54-8F6B-4905-8F08-5B148C6054EB}.Release|Any CPU.Build.0 = Release|Any CPU
	EndGlobalSection
	GlobalSection(SolutionProperties) = preSolution
		HideSolutionNode = FALSE
	EndGlobalSection
	GlobalSection(ExtensibilityGlobals) = postSolution
		SolutionGuid = {948BE896-285E-4917-AF01-DC11ACA13F5B}
	EndGlobalSection
EndGlobal
